
Microsoft Visual Studio Solution File, Format Version 12.00
# Visual Studio Version 16
VisualStudioVersion = 16.0.29519.161
MinimumVisualStudioVersion = 10.0.40219.1
Project("{FAE04EC0-301F-11D3-BF4B-00C04F79EFBC}") = "MFLReskin", "MFLReskin\MFLReskin.csproj", "{39DC40A2-4F5C-49BA-9B53-C94935B655B0}"
EndProject
Global
	GlobalSection(SolutionConfigurationPlatforms) = preSolution
		Debug|Any CPU = Debug|Any CPU
		Release|Any CPU = Release|Any CPU
	EndGlobalSection
	GlobalSection(ProjectConfigurationPlatforms) = postSolution
		{39DC40A2-4F5C-49BA-9B53-C94935B655B0}.Debug|Any CPU.ActiveCfg = Debug|Any CPU
		{39DC40A2-4F5C-49BA-9B53-C94935B655B0}.Debug|Any CPU.Build.0 = Debug|Any CPU
		{39DC40A2-4F5C-49BA-9B53-C94935B655B0}.Release|Any CPU.ActiveCfg = Release|Any CPU
		{39DC40A2-4F5C-49BA-9B53-C94935B655B0}.Release|Any CPU.Build.0 = Release|Any CPU
	EndGlobalSection
	GlobalSection(SolutionProperties) = preSolution
		HideSolutionNode = FALSE
	EndGlobalSection
	GlobalSection(ExtensibilityGlobals) = postSolution
		SolutionGuid = {1FED3E4B-82EA-4384-A28B-5243F357B91F}
	EndGlobalSection
EndGlobal
